// !$*UTF8*$!
{
	archiveVersion = 1;
	classes = {
	};
	objectVersion = 46;
	objects = {

/* Begin PBXBuildFile section */
		D4DBFBDB15715949006FFFDC /* UIKit.framework in Frameworks */ = {isa = PBXBuildFile; fileRef = D4DBFBDA15715949006FFFDC /* UIKit.framework */; };
		D4DBFBDD15715949006FFFDC /* Foundation.framework in Frameworks */ = {isa = PBXBuildFile; fileRef = D4DBFBDC15715949006FFFDC /* Foundation.framework */; };
		D4DBFBDF15715949006FFFDC /* CoreGraphics.framework in Frameworks */ = {isa = PBXBuildFile; fileRef = D4DBFBDE15715949006FFFDC /* CoreGraphics.framework */; };
		D4DBFBE515715949006FFFDC /* InfoPlist.strings in Resources */ = {isa = PBXBuildFile; fileRef = D4DBFBE315715949006FFFDC /* InfoPlist.strings */; };
		D4DBFBE715715949006FFFDC /* main.m in Sources */ = {isa = PBXBuildFile; fileRef = D4DBFBE615715949006FFFDC /* main.m */; };
		D4DBFBEB15715949006FFFDC /* AppDelegate.m in Sources */ = {isa = PBXBuildFile; fileRef = D4DBFBEA15715949006FFFDC /* AppDelegate.m */; };
		D4DBFBEE15715949006FFFDC /* ViewController.m in Sources */ = {isa = PBXBuildFile; fileRef = D4DBFBED15715949006FFFDC /* ViewController.m */; };
		D4DBFBF115715949006FFFDC /* ViewController.xib in Resources */ = {isa = PBXBuildFile; fileRef = D4DBFBEF15715949006FFFDC /* ViewController.xib */; };
		D4DBFBF815715981006FFFDC /* default.json in Resources */ = {isa = PBXBuildFile; fileRef = D4DBFBF715715981006FFFDC /* default.json */; };
		D4DBFBFC15715B03006FFFDC /* NSRenderingEngine.m in Sources */ = {isa = PBXBuildFile; fileRef = D4DBFBFB15715B03006FFFDC /* NSRenderingEngine.m */; };
		D4DBFC0315716913006FFFDC /* JSButton.m in Sources */ = {isa = PBXBuildFile; fileRef = D4DBFC0215716913006FFFDC /* JSButton.m */; };
		D4DBFC0A15716BEA006FFFDC /* default.js in Resources */ = {isa = PBXBuildFile; fileRef = D4DBFC0915716BEA006FFFDC /* default.js */; };
		D4DBFC0D15716C72006FFFDC /* NSWatchDog.m in Sources */ = {isa = PBXBuildFile; fileRef = D4DBFC0C15716C72006FFFDC /* NSWatchDog.m */; };
		D4DBFC1315717CE1006FFFDC /* include.js in Resources */ = {isa = PBXBuildFile; fileRef = D4DBFC1215717CE0006FFFDC /* include.js */; };
/* End PBXBuildFile section */

/* Begin PBXFileReference section */
		D4DBFBD615715949006FFFDC /* test.app */ = {isa = PBXFileReference; explicitFileType = wrapper.application; includeInIndex = 0; path = test.app; sourceTree = BUILT_PRODUCTS_DIR; };
		D4DBFBDA15715949006FFFDC /* UIKit.framework */ = {isa = PBXFileReference; lastKnownFileType = wrapper.framework; name = UIKit.framework; path = System/Library/Frameworks/UIKit.framework; sourceTree = SDKROOT; };
		D4DBFBDC15715949006FFFDC /* Foundation.framework */ = {isa = PBXFileReference; lastKnownFileType = wrapper.framework; name = Foundation.framework; path = System/Library/Frameworks/Foundation.framework; sourceTree = SDKROOT; };
		D4DBFBDE15715949006FFFDC /* CoreGraphics.framework */ = {isa = PBXFileReference; lastKnownFileType = wrapper.framework; name = CoreGraphics.framework; path = System/Library/Frameworks/CoreGraphics.framework; sourceTree = SDKROOT; };
		D4DBFBE215715949006FFFDC /* test-Info.plist */ = {isa = PBXFileReference; lastKnownFileType = text.plist.xml; path = "test-Info.plist"; sourceTree = "<group>"; };
		D4DBFBE415715949006FFFDC /* en */ = {isa = PBXFileReference; lastKnownFileType = text.plist.strings; name = en; path = en.lproj/InfoPlist.strings; sourceTree = "<group>"; };
		D4DBFBE615715949006FFFDC /* main.m */ = {isa = PBXFileReference; lastKnownFileType = sourcecode.c.objc; path = main.m; sourceTree = "<group>"; };
		D4DBFBE815715949006FFFDC /* test-Prefix.pch */ = {isa = PBXFileReference; lastKnownFileType = sourcecode.c.h; path = "test-Prefix.pch"; sourceTree = "<group>"; };
		D4DBFBE915715949006FFFDC /* AppDelegate.h */ = {isa = PBXFileReference; lastKnownFileType = sourcecode.c.h; path = AppDelegate.h; sourceTree = "<group>"; };
		D4DBFBEA15715949006FFFDC /* AppDelegate.m */ = {isa = PBXFileReference; lastKnownFileType = sourcecode.c.objc; path = AppDelegate.m; sourceTree = "<group>"; };
		D4DBFBEC15715949006FFFDC /* ViewController.h */ = {isa = PBXFileReference; lastKnownFileType = sourcecode.c.h; path = ViewController.h; sourceTree = "<group>"; };
		D4DBFBED15715949006FFFDC /* ViewController.m */ = {isa = PBXFileReference; lastKnownFileType = sourcecode.c.objc; path = ViewController.m; sourceTree = "<group>"; };
		D4DBFBF015715949006FFFDC /* en */ = {isa = PBXFileReference; lastKnownFileType = file.xib; name = en; path = en.lproj/ViewController.xib; sourceTree = "<group>"; };
		D4DBFBF715715981006FFFDC /* default.json */ = {isa = PBXFileReference; fileEncoding = 4; lastKnownFileType = text.json; path = default.json; sourceTree = "<group>"; };
		D4DBFBFA15715B03006FFFDC /* NSRenderingEngine.h */ = {isa = PBXFileReference; fileEncoding = 4; lastKnownFileType = sourcecode.c.h; path = NSRenderingEngine.h; sourceTree = "<group>"; };
		D4DBFBFB15715B03006FFFDC /* NSRenderingEngine.m */ = {isa = PBXFileReference; fileEncoding = 4; lastKnownFileType = sourcecode.c.objc; path = NSRenderingEngine.m; sourceTree = "<group>"; };
		D4DBFC0115716913006FFFDC /* JSButton.h */ = {isa = PBXFileReference; fileEncoding = 4; lastKnownFileType = sourcecode.c.h; path = JSButton.h; sourceTree = "<group>"; };
		D4DBFC0215716913006FFFDC /* JSButton.m */ = {isa = PBXFileReference; fileEncoding = 4; lastKnownFileType = sourcecode.c.objc; path = JSButton.m; sourceTree = "<group>"; };
		D4DBFC0915716BEA006FFFDC /* default.js */ = {isa = PBXFileReference; fileEncoding = 4; lastKnownFileType = sourcecode.javascript; path = default.js; sourceTree = "<group>"; };
		D4DBFC0B15716C72006FFFDC /* NSWatchDog.h */ = {isa = PBXFileReference; fileEncoding = 4; lastKnownFileType = sourcecode.c.h; path = NSWatchDog.h; sourceTree = "<group>"; };
		D4DBFC0C15716C72006FFFDC /* NSWatchDog.m */ = {isa = PBXFileReference; fileEncoding = 4; lastKnownFileType = sourcecode.c.objc; path = NSWatchDog.m; sourceTree = "<group>"; };
		D4DBFC1215717CE0006FFFDC /* include.js */ = {isa = PBXFileReference; fileEncoding = 4; lastKnownFileType = sourcecode.javascript; path = include.js; sourceTree = "<group>"; };
/* End PBXFileReference section */

/* Begin PBXFrameworksBuildPhase section */
		D4DBFBD315715949006FFFDC /* Frameworks */ = {
			isa = PBXFrameworksBuildPhase;
			buildActionMask = 2147483647;
			files = (
				D4DBFBDB15715949006FFFDC /* UIKit.framework in Frameworks */,
				D4DBFBDD15715949006FFFDC /* Foundation.framework in Frameworks */,
				D4DBFBDF15715949006FFFDC /* CoreGraphics.framework in Frameworks */,
			);
			runOnlyForDeploymentPostprocessing = 0;
		};
/* End PBXFrameworksBuildPhase section */

/* Begin PBXGroup section */
		D4DBFBCB15715949006FFFDC = {
			isa = PBXGroup;
			children = (
				D4DBFBE015715949006FFFDC /* test */,
				D4DBFBD915715949006FFFDC /* Frameworks */,
				D4DBFBD715715949006FFFDC /* Products */,
			);
			sourceTree = "<group>";
		};
		D4DBFBD715715949006FFFDC /* Products */ = {
			isa = PBXGroup;
			children = (
				D4DBFBD615715949006FFFDC /* test.app */,
			);
			name = Products;
			sourceTree = "<group>";
		};
		D4DBFBD915715949006FFFDC /* Frameworks */ = {
			isa = PBXGroup;
			children = (
				D4DBFBDA15715949006FFFDC /* UIKit.framework */,
				D4DBFBDC15715949006FFFDC /* Foundation.framework */,
				D4DBFBDE15715949006FFFDC /* CoreGraphics.framework */,
			);
			name = Frameworks;
			sourceTree = "<group>";
		};
		D4DBFBE015715949006FFFDC /* test */ = {
			isa = PBXGroup;
			children = (
				D4DBFBFD15715DF0006FFFDC /* Classes */,
				D4DBFBE915715949006FFFDC /* AppDelegate.h */,
				D4DBFBEA15715949006FFFDC /* AppDelegate.m */,
				D4DBFBEC15715949006FFFDC /* ViewController.h */,
				D4DBFBED15715949006FFFDC /* ViewController.m */,
				D4DBFBEF15715949006FFFDC /* ViewController.xib */,
				D4DBFBE115715949006FFFDC /* Supporting Files */,
				D4DBFBF915715989006FFFDC /* Source */,
			);
			path = test;
			sourceTree = "<group>";
		};
		D4DBFBE115715949006FFFDC /* Supporting Files */ = {
			isa = PBXGroup;
			children = (
				D4DBFBE215715949006FFFDC /* test-Info.plist */,
				D4DBFBE315715949006FFFDC /* InfoPlist.strings */,
				D4DBFBE615715949006FFFDC /* main.m */,
				D4DBFBE815715949006FFFDC /* test-Prefix.pch */,
			);
			name = "Supporting Files";
			sourceTree = "<group>";
		};
		D4DBFBF915715989006FFFDC /* Source */ = {
			isa = PBXGroup;
			children = (
				D4DBFBF715715981006FFFDC /* default.json */,
				D4DBFC0915716BEA006FFFDC /* default.js */,
			);
			name = Source;
			sourceTree = "<group>";
		};
		D4DBFBFD15715DF0006FFFDC /* Classes */ = {
			isa = PBXGroup;
			children = (
				D4DBFBFA15715B03006FFFDC /* NSRenderingEngine.h */,
				D4DBFBFB15715B03006FFFDC /* NSRenderingEngine.m */,
				D4DBFC0115716913006FFFDC /* JSButton.h */,
				D4DBFC0215716913006FFFDC /* JSButton.m */,
				D4DBFC0B15716C72006FFFDC /* NSWatchDog.h */,
				D4DBFC0C15716C72006FFFDC /* NSWatchDog.m */,
				D4DBFC1215717CE0006FFFDC /* include.js */,
			);
			name = Classes;
			sourceTree = "<group>";
		};
/* End PBXGroup section */

/* Begin PBXNativeTarget section */
		D4DBFBD515715949006FFFDC /* test */ = {
			isa = PBXNativeTarget;
			buildConfigurationList = D4DBFBF415715949006FFFDC /* Build configuration list for PBXNativeTarget "test" */;
			buildPhases = (
				D4DBFBD215715949006FFFDC /* Sources */,
				D4DBFBD315715949006FFFDC /* Frameworks */,
				D4DBFBD415715949006FFFDC /* Resources */,
			);
			buildRules = (
			);
			dependencies = (
			);
			name = test;
			productName = test;
			productReference = D4DBFBD615715949006FFFDC /* test.app */;
			productType = "com.apple.product-type.application";
		};
/* End PBXNativeTarget section */

/* Begin PBXProject section */
		D4DBFBCD15715949006FFFDC /* Project object */ = {
			isa = PBXProject;
			attributes = {
				LastUpgradeCheck = 0430;
			};
			buildConfigurationList = D4DBFBD015715949006FFFDC /* Build configuration list for PBXProject "test" */;
			compatibilityVersion = "Xcode 3.2";
			developmentRegion = English;
			hasScannedForEncodings = 0;
			knownRegions = (
				en,
			);
			mainGroup = D4DBFBCB15715949006FFFDC;
			productRefGroup = D4DBFBD715715949006FFFDC /* Products */;
			projectDirPath = "";
			projectRoot = "";
			targets = (
				D4DBFBD515715949006FFFDC /* test */,
			);
		};
/* End PBXProject section */

/* Begin PBXResourcesBuildPhase section */
		D4DBFBD415715949006FFFDC /* Resources */ = {
			isa = PBXResourcesBuildPhase;
			buildActionMask = 2147483647;
			files = (
				D4DBFBE515715949006FFFDC /* InfoPlist.strings in Resources */,
				D4DBFBF115715949006FFFDC /* ViewController.xib in Resources */,
				D4DBFBF815715981006FFFDC /* default.json in Resources */,
				D4DBFC0A15716BEA006FFFDC /* default.js in Resources */,
				D4DBFC1315717CE1006FFFDC /* include.js in Resources */,
			);
			runOnlyForDeploymentPostprocessing = 0;
		};
/* End PBXResourcesBuildPhase section */

/* Begin PBXSourcesBuildPhase section */
		D4DBFBD215715949006FFFDC /* Sources */ = {
			isa = PBXSourcesBuildPhase;
			buildActionMask = 2147483647;
			files = (
				D4DBFBE715715949006FFFDC /* main.m in Sources */,
				D4DBFBEB15715949006FFFDC /* AppDelegate.m in Sources */,
				D4DBFBEE15715949006FFFDC /* ViewController.m in Sources */,
				D4DBFBFC15715B03006FFFDC /* NSRenderingEngine.m in Sources */,
				D4DBFC0315716913006FFFDC /* JSButton.m in Sources */,
				D4DBFC0D15716C72006FFFDC /* NSWatchDog.m in Sources */,
			);
			runOnlyForDeploymentPostprocessing = 0;
		};
/* End PBXSourcesBuildPhase section */

/* Begin PBXVariantGroup section */
		D4DBFBE315715949006FFFDC /* InfoPlist.strings */ = {
			isa = PBXVariantGroup;
			children = (
				D4DBFBE415715949006FFFDC /* en */,
			);
			name = InfoPlist.strings;
			sourceTree = "<group>";
		};
		D4DBFBEF15715949006FFFDC /* ViewController.xib */ = {
			isa = PBXVariantGroup;
			children = (
				D4DBFBF015715949006FFFDC /* en */,
			);
			name = ViewController.xib;
			sourceTree = "<group>";
		};
/* End PBXVariantGroup section */

/* Begin XCBuildConfiguration section */
		D4DBFBF215715949006FFFDC /* Debug */ = {
			isa = XCBuildConfiguration;
			buildSettings = {
				ALWAYS_SEARCH_USER_PATHS = NO;
				ARCHS = "$(ARCHS_STANDARD_32_BIT)";
				CLANG_ENABLE_OBJC_ARC = YES;
				"CODE_SIGN_IDENTITY[sdk=iphoneos*]" = "iPhone Developer";
				COPY_PHASE_STRIP = NO;
				GCC_C_LANGUAGE_STANDARD = gnu99;
				GCC_DYNAMIC_NO_PIC = NO;
				GCC_OPTIMIZATION_LEVEL = 0;
				GCC_PREPROCESSOR_DEFINITIONS = (
					"DEBUG=1",
					"$(inherited)",
				);
				GCC_SYMBOLS_PRIVATE_EXTERN = NO;
				GCC_VERSION = com.apple.compilers.llvm.clang.1_0;
				GCC_WARN_ABOUT_RETURN_TYPE = YES;
				GCC_WARN_UNINITIALIZED_AUTOS = YES;
				GCC_WARN_UNUSED_VARIABLE = YES;
				IPHONEOS_DEPLOYMENT_TARGET = 5.1;
				SDKROOT = iphoneos;
			};
			name = Debug;
		};
		D4DBFBF315715949006FFFDC /* Release */ = {
			isa = XCBuildConfiguration;
			buildSettings = {
				ALWAYS_SEARCH_USER_PATHS = NO;
				ARCHS = "$(ARCHS_STANDARD_32_BIT)";
				CLANG_ENABLE_OBJC_ARC = YES;
				"CODE_SIGN_IDENTITY[sdk=iphoneos*]" = "iPhone Developer";
				COPY_PHASE_STRIP = YES;
				GCC_C_LANGUAGE_STANDARD = gnu99;
				GCC_VERSION = com.apple.compilers.llvm.clang.1_0;
				GCC_WARN_ABOUT_RETURN_TYPE = YES;
				GCC_WARN_UNINITIALIZED_AUTOS = YES;
				GCC_WARN_UNUSED_VARIABLE = YES;
				IPHONEOS_DEPLOYMENT_TARGET = 5.1;
				OTHER_CFLAGS = "-DNS_BLOCK_ASSERTIONS=1";
				SDKROOT = iphoneos;
				VALIDATE_PRODUCT = YES;
			};
			name = Release;
		};
		D4DBFBF515715949006FFFDC /* Debug */ = {
			isa = XCBuildConfiguration;
			buildSettings = {
				GCC_PRECOMPILE_PREFIX_HEADER = YES;
				GCC_PREFIX_HEADER = "test/test-Prefix.pch";
				INFOPLIST_FILE = "test/test-Info.plist";
				PRODUCT_NAME = "$(TARGET_NAME)";
				WRAPPER_EXTENSION = app;
			};
			name = Debug;
		};
		D4DBFBF615715949006FFFDC /* Release */ = {
			isa = XCBuildConfiguration;
			buildSettings = {
				GCC_PRECOMPILE_PREFIX_HEADER = YES;
				GCC_PREFIX_HEADER = "test/test-Prefix.pch";
				INFOPLIST_FILE = "test/test-Info.plist";
				PRODUCT_NAME = "$(TARGET_NAME)";
				WRAPPER_EXTENSION = app;
			};
			name = Release;
		};
/* End XCBuildConfiguration section */

/* Begin XCConfigurationList section */
		D4DBFBD015715949006FFFDC /* Build configuration list for PBXProject "test" */ = {
			isa = XCConfigurationList;
			buildConfigurations = (
				D4DBFBF215715949006FFFDC /* Debug */,
				D4DBFBF315715949006FFFDC /* Release */,
			);
			defaultConfigurationIsVisible = 0;
			defaultConfigurationName = Release;
		};
		D4DBFBF415715949006FFFDC /* Build configuration list for PBXNativeTarget "test" */ = {
			isa = XCConfigurationList;
			buildConfigurations = (
				D4DBFBF515715949006FFFDC /* Debug */,
				D4DBFBF615715949006FFFDC /* Release */,
			);
			defaultConfigurationIsVisible = 0;
			defaultConfigurationName = Release;
		};
/* End XCConfigurationList section */
	};
	rootObject = D4DBFBCD15715949006FFFDC /* Project object */;
}
